
Microsoft Visual Studio Solution File, Format Version 12.00
# Visual Studio Version 16
VisualStudioVersion = 16.0.33927.289
MinimumVisualStudioVersion = 10.0.40219.1
Project("{FAE04EC0-301F-11D3-BF4B-00C04F79EFBC}") = "4 practicas barron", "4 practicas barron\4 practicas barron.csproj", "{62ED89EE-11A0-4FC7-BF95-7531A271D345}"
EndProject
Global
	GlobalSection(SolutionConfigurationPlatforms) = preSolution
		Debug|Any CPU = Debug|Any CPU
		Release|Any CPU = Release|Any CPU
	EndGlobalSection
	GlobalSection(ProjectConfigurationPlatforms) = postSolution
		{62ED89EE-11A0-4FC7-BF95-7531A271D345}.Debug|Any CPU.ActiveCfg = Debug|Any CPU
		{62ED89EE-11A0-4FC7-BF95-7531A271D345}.Debug|Any CPU.Build.0 = Debug|Any CPU
		{62ED89EE-11A0-4FC7-BF95-7531A271D345}.Release|Any CPU.ActiveCfg = Release|Any CPU
		{62ED89EE-11A0-4FC7-BF95-7531A271D345}.Release|Any CPU.Build.0 = Release|Any CPU
	EndGlobalSection
	GlobalSection(SolutionProperties) = preSolution
		HideSolutionNode = FALSE
	EndGlobalSection
	GlobalSection(ExtensibilityGlobals) = postSolution
		SolutionGuid = {9A5BA2DC-E003-4041-834D-4CCA2799BC66}
	EndGlobalSection
EndGlobal
